
Microsoft Visual Studio Solution File, Format Version 12.00
# Visual Studio 15
VisualStudioVersion = 15.0.28010.2003
MinimumVisualStudioVersion = 10.0.40219.1
Project("{FAE04EC0-301F-11D3-BF4B-00C04F79EFBC}") = "TicTacToe", "TicTacToe\TicTacToe.csproj", "{DEC9A75B-E277-4248-946D-BC0860C42C35}"
EndProject
Project("{FAE04EC0-301F-11D3-BF4B-00C04F79EFBC}") = "BoxDemo", "..\..\Pack-9705\03.CSharp\Session19-970709\BoxDemo\BoxDemo.csproj", "{24BB05DE-1B28-473E-8CE9-ACE53138624D}"
EndProject
Project("{FAE04EC0-301F-11D3-BF4B-00C04F79EFBC}") = "ConsoleApp1", "ConsoleApp1\ConsoleApp1.csproj", "{7F82A806-7759-4B37-A488-FADCEC044E0D}"
EndProject
Global
	GlobalSection(SolutionConfigurationPlatforms) = preSolution
		Debug|Any CPU = Debug|Any CPU
		Release|Any CPU = Release|Any CPU
	EndGlobalSection
	GlobalSection(ProjectConfigurationPlatforms) = postSolution
		{DEC9A75B-E277-4248-946D-BC0860C42C35}.Debug|Any CPU.ActiveCfg = Debug|Any CPU
		{DEC9A75B-E277-4248-946D-BC0860C42C35}.Debug|Any CPU.Build.0 = Debug|Any CPU
		{DEC9A75B-E277-4248-946D-BC0860C42C35}.Release|Any CPU.ActiveCfg = Release|Any CPU
		{DEC9A75B-E277-4248-946D-BC0860C42C35}.Release|Any CPU.Build.0 = Release|Any CPU
		{24BB05DE-1B28-473E-8CE9-ACE53138624D}.Debug|Any CPU.ActiveCfg = Debug|Any CPU
		{24BB05DE-1B28-473E-8CE9-ACE53138624D}.Debug|Any CPU.Build.0 = Debug|Any CPU
		{24BB05DE-1B28-473E-8CE9-ACE53138624D}.Release|Any CPU.ActiveCfg = Release|Any CPU
		{24BB05DE-1B28-473E-8CE9-ACE53138624D}.Release|Any CPU.Build.0 = Release|Any CPU
		{7F82A806-7759-4B37-A488-FADCEC044E0D}.Debug|Any CPU.ActiveCfg = Debug|Any CPU
		{7F82A806-7759-4B37-A488-FADCEC044E0D}.Debug|Any CPU.Build.0 = Debug|Any CPU
		{7F82A806-7759-4B37-A488-FADCEC044E0D}.Release|Any CPU.ActiveCfg = Release|Any CPU
		{7F82A806-7759-4B37-A488-FADCEC044E0D}.Release|Any CPU.Build.0 = Release|Any CPU
	EndGlobalSection
	GlobalSection(SolutionProperties) = preSolution
		HideSolutionNode = FALSE
	EndGlobalSection
	GlobalSection(ExtensibilityGlobals) = postSolution
		SolutionGuid = {6794CFBE-57D1-43A4-B040-66A8A090A329}
	EndGlobalSection
EndGlobal
